
Microsoft Visual Studio Solution File, Format Version 12.00
# Visual Studio Version 16
VisualStudioVersion = 16.0.29509.3
MinimumVisualStudioVersion = 10.0.40219.1
Project("{FAE04EC0-301F-11D3-BF4B-00C04F79EFBC}") = "ClientServerUsingNamedPipes", "ClientServerUsingNamedPipes\ClientServerUsingNamedPipes.csproj", "{CFF3F2F9-285E-487C-9C77-E335FCDDFAEB}"
EndProject
Project("{FAE04EC0-301F-11D3-BF4B-00C04F79EFBC}") = "JsonPubSubService", "NamedPipeService\JsonPubSubService.csproj", "{A70BBE10-5DD9-4616-BCFB-2B8CF1D9C8DC}"
EndProject
Project("{FAE04EC0-301F-11D3-BF4B-00C04F79EFBC}") = "ConsoleService", "ConsoleService\ConsoleService.csproj", "{F013D17E-B793-4482-8365-3215B74E81AF}"
EndProject
Project("{FAE04EC0-301F-11D3-BF4B-00C04F79EFBC}") = "ConsoleClient", "ConsoleApp1\ConsoleClient.csproj", "{22C1713E-3AB9-4C69-9AA0-C61F0B00411E}"
EndProject
Project("{FAE04EC0-301F-11D3-BF4B-00C04F79EFBC}") = "ClientApp", "ClientApp\ClientApp.csproj", "{9AF38D5F-CAAB-4028-88CC-432FEBD78092}"
EndProject
Global
	GlobalSection(SolutionConfigurationPlatforms) = preSolution
		Debug|Any CPU = Debug|Any CPU
		Release|Any CPU = Release|Any CPU
	EndGlobalSection
	GlobalSection(ProjectConfigurationPlatforms) = postSolution
		{CFF3F2F9-285E-487C-9C77-E335FCDDFAEB}.Debug|Any CPU.ActiveCfg = Debug|Any CPU
		{CFF3F2F9-285E-487C-9C77-E335FCDDFAEB}.Debug|Any CPU.Build.0 = Debug|Any CPU
		{CFF3F2F9-285E-487C-9C77-E335FCDDFAEB}.Release|Any CPU.ActiveCfg = Release|Any CPU
		{CFF3F2F9-285E-487C-9C77-E335FCDDFAEB}.Release|Any CPU.Build.0 = Release|Any CPU
		{A70BBE10-5DD9-4616-BCFB-2B8CF1D9C8DC}.Debug|Any CPU.ActiveCfg = Debug|Any CPU
		{A70BBE10-5DD9-4616-BCFB-2B8CF1D9C8DC}.Debug|Any CPU.Build.0 = Debug|Any CPU
		{A70BBE10-5DD9-4616-BCFB-2B8CF1D9C8DC}.Release|Any CPU.ActiveCfg = Release|Any CPU
		{A70BBE10-5DD9-4616-BCFB-2B8CF1D9C8DC}.Release|Any CPU.Build.0 = Release|Any CPU
		{F013D17E-B793-4482-8365-3215B74E81AF}.Debug|Any CPU.ActiveCfg = Debug|Any CPU
		{F013D17E-B793-4482-8365-3215B74E81AF}.Debug|Any CPU.Build.0 = Debug|Any CPU
		{F013D17E-B793-4482-8365-3215B74E81AF}.Release|Any CPU.ActiveCfg = Release|Any CPU
		{F013D17E-B793-4482-8365-3215B74E81AF}.Release|Any CPU.Build.0 = Release|Any CPU
		{22C1713E-3AB9-4C69-9AA0-C61F0B00411E}.Debug|Any CPU.ActiveCfg = Debug|Any CPU
		{22C1713E-3AB9-4C69-9AA0-C61F0B00411E}.Debug|Any CPU.Build.0 = Debug|Any CPU
		{22C1713E-3AB9-4C69-9AA0-C61F0B00411E}.Release|Any CPU.ActiveCfg = Release|Any CPU
		{22C1713E-3AB9-4C69-9AA0-C61F0B00411E}.Release|Any CPU.Build.0 = Release|Any CPU
		{9AF38D5F-CAAB-4028-88CC-432FEBD78092}.Debug|Any CPU.ActiveCfg = Debug|Any CPU
		{9AF38D5F-CAAB-4028-88CC-432FEBD78092}.Debug|Any CPU.Build.0 = Debug|Any CPU
		{9AF38D5F-CAAB-4028-88CC-432FEBD78092}.Release|Any CPU.ActiveCfg = Release|Any CPU
		{9AF38D5F-CAAB-4028-88CC-432FEBD78092}.Release|Any CPU.Build.0 = Release|Any CPU
	EndGlobalSection
	GlobalSection(SolutionProperties) = preSolution
		HideSolutionNode = FALSE
	EndGlobalSection
	GlobalSection(ExtensibilityGlobals) = postSolution
		SolutionGuid = {1E73DECA-3703-4B69-8403-78825108D51F}
	EndGlobalSection
EndGlobal
